// !$*UTF8*$!
{
	archiveVersion = 1;
	classes = {
	};
	objectVersion = 55;
	objects = {

/* Begin PBXBuildFile section */
		0A8F2EEA290C1B350096D883 /* ComponentViewModelDataType.swift in Sources */ = {isa = PBXBuildFile; fileRef = 0A8F2EE9290C1B350096D883 /* ComponentViewModelDataType.swift */; };
		13C1233B4BDA95073E1D8B34 /* Pods_IGListKitComponent.framework in Frameworks */ = {isa = PBXBuildFile; fileRef = E0E0F0FB7C468E30E4B060C8 /* Pods_IGListKitComponent.framework */; };
		93DED70928D3501800089708 /* AppDelegate.swift in Sources */ = {isa = PBXBuildFile; fileRef = 93DED70828D3501800089708 /* AppDelegate.swift */; };
		93DED70B28D3501800089708 /* SceneDelegate.swift in Sources */ = {isa = PBXBuildFile; fileRef = 93DED70A28D3501800089708 /* SceneDelegate.swift */; };
		93DED70D28D3501800089708 /* ViewController.swift in Sources */ = {isa = PBXBuildFile; fileRef = 93DED70C28D3501800089708 /* ViewController.swift */; };
		93DED71028D3501800089708 /* Main.storyboard in Resources */ = {isa = PBXBuildFile; fileRef = 93DED70E28D3501800089708 /* Main.storyboard */; };
		93DED71228D3501900089708 /* Assets.xcassets in Resources */ = {isa = PBXBuildFile; fileRef = 93DED71128D3501900089708 /* Assets.xcassets */; };
		93DED71528D3501900089708 /* LaunchScreen.storyboard in Resources */ = {isa = PBXBuildFile; fileRef = 93DED71328D3501900089708 /* LaunchScreen.storyboard */; };
		93DED71F28D3512200089708 /* ComponentViewModel.swift in Sources */ = {isa = PBXBuildFile; fileRef = 93DED71E28D3512200089708 /* ComponentViewModel.swift */; };
		93DED72128D3513500089708 /* ComponentSectionController.swift in Sources */ = {isa = PBXBuildFile; fileRef = 93DED72028D3513500089708 /* ComponentSectionController.swift */; };
		93DED72328D3515600089708 /* ComponentCollectionViewCell.swift in Sources */ = {isa = PBXBuildFile; fileRef = 93DED72228D3515600089708 /* ComponentCollectionViewCell.swift */; };
		93DED72728D353FF00089708 /* ComponentCollectionViewCell.xib in Resources */ = {isa = PBXBuildFile; fileRef = 93DED72628D353FF00089708 /* ComponentCollectionViewCell.xib */; };
/* End PBXBuildFile section */

/* Begin PBXFileReference section */
		0A8F2EE9290C1B350096D883 /* ComponentViewModelDataType.swift */ = {isa = PBXFileReference; lastKnownFileType = sourcecode.swift; path = ComponentViewModelDataType.swift; sourceTree = "<group>"; };
		8519ADF53DFF2B3CE5626D8C /* Pods-IGListKitComponent.release.xcconfig */ = {isa = PBXFileReference; includeInIndex = 1; lastKnownFileType = text.xcconfig; name = "Pods-IGListKitComponent.release.xcconfig"; path = "Target Support Files/Pods-IGListKitComponent/Pods-IGListKitComponent.release.xcconfig"; sourceTree = "<group>"; };
		93DED70528D3501800089708 /* IGListKitComponent.app */ = {isa = PBXFileReference; explicitFileType = wrapper.application; includeInIndex = 0; path = IGListKitComponent.app; sourceTree = BUILT_PRODUCTS_DIR; };
		93DED70828D3501800089708 /* AppDelegate.swift */ = {isa = PBXFileReference; lastKnownFileType = sourcecode.swift; path = AppDelegate.swift; sourceTree = "<group>"; };
		93DED70A28D3501800089708 /* SceneDelegate.swift */ = {isa = PBXFileReference; lastKnownFileType = sourcecode.swift; path = SceneDelegate.swift; sourceTree = "<group>"; };
		93DED70C28D3501800089708 /* ViewController.swift */ = {isa = PBXFileReference; lastKnownFileType = sourcecode.swift; path = ViewController.swift; sourceTree = "<group>"; };
		93DED70F28D3501800089708 /* Base */ = {isa = PBXFileReference; lastKnownFileType = file.storyboard; name = Base; path = Base.lproj/Main.storyboard; sourceTree = "<group>"; };
		93DED71128D3501900089708 /* Assets.xcassets */ = {isa = PBXFileReference; lastKnownFileType = folder.assetcatalog; path = Assets.xcassets; sourceTree = "<group>"; };
		93DED71428D3501900089708 /* Base */ = {isa = PBXFileReference; lastKnownFileType = file.storyboard; name = Base; path = Base.lproj/LaunchScreen.storyboard; sourceTree = "<group>"; };
		93DED71628D3501900089708 /* Info.plist */ = {isa = PBXFileReference; lastKnownFileType = text.plist.xml; path = Info.plist; sourceTree = "<group>"; };
		93DED71E28D3512200089708 /* ComponentViewModel.swift */ = {isa = PBXFileReference; lastKnownFileType = sourcecode.swift; path = ComponentViewModel.swift; sourceTree = "<group>"; };
		93DED72028D3513500089708 /* ComponentSectionController.swift */ = {isa = PBXFileReference; lastKnownFileType = sourcecode.swift; path = ComponentSectionController.swift; sourceTree = "<group>"; };
		93DED72228D3515600089708 /* ComponentCollectionViewCell.swift */ = {isa = PBXFileReference; lastKnownFileType = sourcecode.swift; path = ComponentCollectionViewCell.swift; sourceTree = "<group>"; };
		93DED72628D353FF00089708 /* ComponentCollectionViewCell.xib */ = {isa = PBXFileReference; lastKnownFileType = file.xib; path = ComponentCollectionViewCell.xib; sourceTree = "<group>"; };
		ABCEFB316783FE170C0C797F /* Pods-IGListKitComponent.debug.xcconfig */ = {isa = PBXFileReference; includeInIndex = 1; lastKnownFileType = text.xcconfig; name = "Pods-IGListKitComponent.debug.xcconfig"; path = "Target Support Files/Pods-IGListKitComponent/Pods-IGListKitComponent.debug.xcconfig"; sourceTree = "<group>"; };
		E0E0F0FB7C468E30E4B060C8 /* Pods_IGListKitComponent.framework */ = {isa = PBXFileReference; explicitFileType = wrapper.framework; includeInIndex = 0; path = Pods_IGListKitComponent.framework; sourceTree = BUILT_PRODUCTS_DIR; };
/* End PBXFileReference section */

/* Begin PBXFrameworksBuildPhase section */
		93DED70228D3501800089708 /* Frameworks */ = {
			isa = PBXFrameworksBuildPhase;
			buildActionMask = 2147483647;
			files = (
				13C1233B4BDA95073E1D8B34 /* Pods_IGListKitComponent.framework in Frameworks */,
			);
			runOnlyForDeploymentPostprocessing = 0;
		};
/* End PBXFrameworksBuildPhase section */

/* Begin PBXGroup section */
		93DED6FC28D3501800089708 = {
			isa = PBXGroup;
			children = (
				93DED70728D3501800089708 /* IGListKitComponent */,
				93DED70628D3501800089708 /* Products */,
				EFB9F9A1CFBFF4A952CAF796 /* Pods */,
				ECCBB362A99CBDDC45F3B25D /* Frameworks */,
			);
			sourceTree = "<group>";
		};
		93DED70628D3501800089708 /* Products */ = {
			isa = PBXGroup;
			children = (
				93DED70528D3501800089708 /* IGListKitComponent.app */,
			);
			name = Products;
			sourceTree = "<group>";
		};
		93DED70728D3501800089708 /* IGListKitComponent */ = {
			isa = PBXGroup;
			children = (
				93DED71D28D350C500089708 /* Component */,
				93DED70828D3501800089708 /* AppDelegate.swift */,
				93DED70A28D3501800089708 /* SceneDelegate.swift */,
				93DED70C28D3501800089708 /* ViewController.swift */,
				93DED70E28D3501800089708 /* Main.storyboard */,
				93DED71128D3501900089708 /* Assets.xcassets */,
				93DED71328D3501900089708 /* LaunchScreen.storyboard */,
				93DED71628D3501900089708 /* Info.plist */,
			);
			path = IGListKitComponent;
			sourceTree = "<group>";
		};
		93DED71D28D350C500089708 /* Component */ = {
			isa = PBXGroup;
			children = (
				93DED71E28D3512200089708 /* ComponentViewModel.swift */,
				0A8F2EE9290C1B350096D883 /* ComponentViewModelDataType.swift */,
				93DED72028D3513500089708 /* ComponentSectionController.swift */,
				93DED72228D3515600089708 /* ComponentCollectionViewCell.swift */,
				93DED72628D353FF00089708 /* ComponentCollectionViewCell.xib */,
			);
			path = Component;
			sourceTree = "<group>";
		};
		ECCBB362A99CBDDC45F3B25D /* Frameworks */ = {
			isa = PBXGroup;
			children = (
				E0E0F0FB7C468E30E4B060C8 /* Pods_IGListKitComponent.framework */,
			);
			name = Frameworks;
			sourceTree = "<group>";
		};
		EFB9F9A1CFBFF4A952CAF796 /* Pods */ = {
			isa = PBXGroup;
			children = (
				ABCEFB316783FE170C0C797F /* Pods-IGListKitComponent.debug.xcconfig */,
				8519ADF53DFF2B3CE5626D8C /* Pods-IGListKitComponent.release.xcconfig */,
			);
			path = Pods;
			sourceTree = "<group>";
		};
/* End PBXGroup section */

/* Begin PBXNativeTarget section */
		93DED70428D3501800089708 /* IGListKitComponent */ = {
			isa = PBXNativeTarget;
			buildConfigurationList = 93DED71928D3501900089708 /* Build configuration list for PBXNativeTarget "IGListKitComponent" */;
			buildPhases = (
				A1D84522BE6E26EF987093D0 /* [CP] Check Pods Manifest.lock */,
				93DED70128D3501800089708 /* Sources */,
				93DED70228D3501800089708 /* Frameworks */,
				93DED70328D3501800089708 /* Resources */,
				8A644E7F4ABB67BA276A253A /* [CP] Embed Pods Frameworks */,
			);
			buildRules = (
			);
			dependencies = (
			);
			name = IGListKitComponent;
			productName = IGListKitComponent;
			productReference = 93DED70528D3501800089708 /* IGListKitComponent.app */;
			productType = "com.apple.product-type.application";
		};
/* End PBXNativeTarget section */

/* Begin PBXProject section */
		93DED6FD28D3501800089708 /* Project object */ = {
			isa = PBXProject;
			attributes = {
				BuildIndependentTargetsInParallel = 1;
				LastSwiftUpdateCheck = 1340;
				LastUpgradeCheck = 1340;
				TargetAttributes = {
					93DED70428D3501800089708 = {
						CreatedOnToolsVersion = 13.4.1;
					};
				};
			};
			buildConfigurationList = 93DED70028D3501800089708 /* Build configuration list for PBXProject "IGListKitComponent" */;
			compatibilityVersion = "Xcode 13.0";
			developmentRegion = en;
			hasScannedForEncodings = 0;
			knownRegions = (
				en,
				Base,
			);
			mainGroup = 93DED6FC28D3501800089708;
			productRefGroup = 93DED70628D3501800089708 /* Products */;
			projectDirPath = "";
			projectRoot = "";
			targets = (
				93DED70428D3501800089708 /* IGListKitComponent */,
			);
		};
/* End PBXProject section */

/* Begin PBXResourcesBuildPhase section */
		93DED70328D3501800089708 /* Resources */ = {
			isa = PBXResourcesBuildPhase;
			buildActionMask = 2147483647;
			files = (
				93DED71528D3501900089708 /* LaunchScreen.storyboard in Resources */,
				93DED71228D3501900089708 /* Assets.xcassets in Resources */,
				93DED72728D353FF00089708 /* ComponentCollectionViewCell.xib in Resources */,
				93DED71028D3501800089708 /* Main.storyboard in Resources */,
			);
			runOnlyForDeploymentPostprocessing = 0;
		};
/* End PBXResourcesBuildPhase section */

/* Begin PBXShellScriptBuildPhase section */
		8A644E7F4ABB67BA276A253A /* [CP] Embed Pods Frameworks */ = {
			isa = PBXShellScriptBuildPhase;
			buildActionMask = 2147483647;
			files = (
			);
			inputFileListPaths = (
				"${PODS_ROOT}/Target Support Files/Pods-IGListKitComponent/Pods-IGListKitComponent-frameworks-${CONFIGURATION}-input-files.xcfilelist",
			);
			name = "[CP] Embed Pods Frameworks";
			outputFileListPaths = (
				"${PODS_ROOT}/Target Support Files/Pods-IGListKitComponent/Pods-IGListKitComponent-frameworks-${CONFIGURATION}-output-files.xcfilelist",
			);
			runOnlyForDeploymentPostprocessing = 0;
			shellPath = /bin/sh;
			shellScript = "\"${PODS_ROOT}/Target Support Files/Pods-IGListKitComponent/Pods-IGListKitComponent-frameworks.sh\"\n";
			showEnvVarsInLog = 0;
		};
		A1D84522BE6E26EF987093D0 /* [CP] Check Pods Manifest.lock */ = {
			isa = PBXShellScriptBuildPhase;
			buildActionMask = 2147483647;
			files = (
			);
			inputFileListPaths = (
			);
			inputPaths = (
				"${PODS_PODFILE_DIR_PATH}/Podfile.lock",
				"${PODS_ROOT}/Manifest.lock",
			);
			name = "[CP] Check Pods Manifest.lock";
			outputFileListPaths = (
			);
			outputPaths = (
				"$(DERIVED_FILE_DIR)/Pods-IGListKitComponent-checkManifestLockResult.txt",
			);
			runOnlyForDeploymentPostprocessing = 0;
			shellPath = /bin/sh;
			shellScript = "diff \"${PODS_PODFILE_DIR_PATH}/Podfile.lock\" \"${PODS_ROOT}/Manifest.lock\" > /dev/null\nif [ $? != 0 ] ; then\n    # print error to STDERR\n    echo \"error: The sandbox is not in sync with the Podfile.lock. Run 'pod install' or update your CocoaPods installation.\" >&2\n    exit 1\nfi\n# This output is used by Xcode 'outputs' to avoid re-running this script phase.\necho \"SUCCESS\" > \"${SCRIPT_OUTPUT_FILE_0}\"\n";
			showEnvVarsInLog = 0;
		};
/* End PBXShellScriptBuildPhase section */

/* Begin PBXSourcesBuildPhase section */
		93DED70128D3501800089708 /* Sources */ = {
			isa = PBXSourcesBuildPhase;
			buildActionMask = 2147483647;
			files = (
				93DED70D28D3501800089708 /* ViewController.swift in Sources */,
				93DED70928D3501800089708 /* AppDelegate.swift in Sources */,
				93DED71F28D3512200089708 /* ComponentViewModel.swift in Sources */,
				93DED70B28D3501800089708 /* SceneDelegate.swift in Sources */,
				0A8F2EEA290C1B350096D883 /* ComponentViewModelDataType.swift in Sources */,
				93DED72328D3515600089708 /* ComponentCollectionViewCell.swift in Sources */,
				93DED72128D3513500089708 /* ComponentSectionController.swift in Sources */,
			);
			runOnlyForDeploymentPostprocessing = 0;
		};
/* End PBXSourcesBuildPhase section */

/* Begin PBXVariantGroup section */
		93DED70E28D3501800089708 /* Main.storyboard */ = {
			isa = PBXVariantGroup;
			children = (
				93DED70F28D3501800089708 /* Base */,
			);
			name = Main.storyboard;
			sourceTree = "<group>";
		};
		93DED71328D3501900089708 /* LaunchScreen.storyboard */ = {
			isa = PBXVariantGroup;
			children = (
				93DED71428D3501900089708 /* Base */,
			);
			name = LaunchScreen.storyboard;
			sourceTree = "<group>";
		};
/* End PBXVariantGroup section */

/* Begin XCBuildConfiguration section */
		93DED71728D3501900089708 /* Debug */ = {
			isa = XCBuildConfiguration;
			buildSettings = {
				ALWAYS_SEARCH_USER_PATHS = NO;
				CLANG_ANALYZER_NONNULL = YES;
				CLANG_ANALYZER_NUMBER_OBJECT_CONVERSION = YES_AGGRESSIVE;
				CLANG_CXX_LANGUAGE_STANDARD = "gnu++17";
				CLANG_ENABLE_MODULES = YES;
				CLANG_ENABLE_OBJC_ARC = YES;
				CLANG_ENABLE_OBJC_WEAK = YES;
				CLANG_WARN_BLOCK_CAPTURE_AUTORELEASING = YES;
				CLANG_WARN_BOOL_CONVERSION = YES;
				CLANG_WARN_COMMA = YES;
				CLANG_WARN_CONSTANT_CONVERSION = YES;
				CLANG_WARN_DEPRECATED_OBJC_IMPLEMENTATIONS = YES;
				CLANG_WARN_DIRECT_OBJC_ISA_USAGE = YES_ERROR;
				CLANG_WARN_DOCUMENTATION_COMMENTS = YES;
				CLANG_WARN_EMPTY_BODY = YES;
				CLANG_WARN_ENUM_CONVERSION = YES;
				CLANG_WARN_INFINITE_RECURSION = YES;
				CLANG_WARN_INT_CONVERSION = YES;
				CLANG_WARN_NON_LITERAL_NULL_CONVERSION = YES;
				CLANG_WARN_OBJC_IMPLICIT_RETAIN_SELF = YES;
				CLANG_WARN_OBJC_LITERAL_CONVERSION = YES;
				CLANG_WARN_OBJC_ROOT_CLASS = YES_ERROR;
				CLANG_WARN_QUOTED_INCLUDE_IN_FRAMEWORK_HEADER = YES;
				CLANG_WARN_RANGE_LOOP_ANALYSIS = YES;
				CLANG_WARN_STRICT_PROTOTYPES = YES;
				CLANG_WARN_SUSPICIOUS_MOVE = YES;
				CLANG_WARN_UNGUARDED_AVAILABILITY = YES_AGGRESSIVE;
				CLANG_WARN_UNREACHABLE_CODE = YES;
				CLANG_WARN__DUPLICATE_METHOD_MATCH = YES;
				COPY_PHASE_STRIP = NO;
				DEBUG_INFORMATION_FORMAT = dwarf;
				ENABLE_STRICT_OBJC_MSGSEND = YES;
				ENABLE_TESTABILITY = YES;
				GCC_C_LANGUAGE_STANDARD = gnu11;
				GCC_DYNAMIC_NO_PIC = NO;
				GCC_NO_COMMON_BLOCKS = YES;
				GCC_OPTIMIZATION_LEVEL = 0;
				GCC_PREPROCESSOR_DEFINITIONS = (
					"DEBUG=1",
					"$(inherited)",
				);
				GCC_WARN_64_TO_32_BIT_CONVERSION = YES;
				GCC_WARN_ABOUT_RETURN_TYPE = YES_ERROR;
				GCC_WARN_UNDECLARED_SELECTOR = YES;
				GCC_WARN_UNINITIALIZED_AUTOS = YES_AGGRESSIVE;
				GCC_WARN_UNUSED_FUNCTION = YES;
				GCC_WARN_UNUSED_VARIABLE = YES;
				IPHONEOS_DEPLOYMENT_TARGET = 15.5;
				MTL_ENABLE_DEBUG_INFO = INCLUDE_SOURCE;
				MTL_FAST_MATH = YES;
				ONLY_ACTIVE_ARCH = YES;
				SDKROOT = iphoneos;
				SWIFT_ACTIVE_COMPILATION_CONDITIONS = DEBUG;
				SWIFT_OPTIMIZATION_LEVEL = "-Onone";
			};
			name = Debug;
		};
		93DED71828D3501900089708 /* Release */ = {
			isa = XCBuildConfiguration;
			buildSettings = {
				ALWAYS_SEARCH_USER_PATHS = NO;
				CLANG_ANALYZER_NONNULL = YES;
				CLANG_ANALYZER_NUMBER_OBJECT_CONVERSION = YES_AGGRESSIVE;
				CLANG_CXX_LANGUAGE_STANDARD = "gnu++17";
				CLANG_ENABLE_MODULES = YES;
				CLANG_ENABLE_OBJC_ARC = YES;
				CLANG_ENABLE_OBJC_WEAK = YES;
				CLANG_WARN_BLOCK_CAPTURE_AUTORELEASING = YES;
				CLANG_WARN_BOOL_CONVERSION = YES;
				CLANG_WARN_COMMA = YES;
				CLANG_WARN_CONSTANT_CONVERSION = YES;
				CLANG_WARN_DEPRECATED_OBJC_IMPLEMENTATIONS = YES;
				CLANG_WARN_DIRECT_OBJC_ISA_USAGE = YES_ERROR;
				CLANG_WARN_DOCUMENTATION_COMMENTS = YES;
				CLANG_WARN_EMPTY_BODY = YES;
				CLANG_WARN_ENUM_CONVERSION = YES;
				CLANG_WARN_INFINITE_RECURSION = YES;
				CLANG_WARN_INT_CONVERSION = YES;
				CLANG_WARN_NON_LITERAL_NULL_CONVERSION = YES;
				CLANG_WARN_OBJC_IMPLICIT_RETAIN_SELF = YES;
				CLANG_WARN_OBJC_LITERAL_CONVERSION = YES;
				CLANG_WARN_OBJC_ROOT_CLASS = YES_ERROR;
				CLANG_WARN_QUOTED_INCLUDE_IN_FRAMEWORK_HEADER = YES;
				CLANG_WARN_RANGE_LOOP_ANALYSIS = YES;
				CLANG_WARN_STRICT_PROTOTYPES = YES;
				CLANG_WARN_SUSPICIOUS_MOVE = YES;
				CLANG_WARN_UNGUARDED_AVAILABILITY = YES_AGGRESSIVE;
				CLANG_WARN_UNREACHABLE_CODE = YES;
				CLANG_WARN__DUPLICATE_METHOD_MATCH = YES;
				COPY_PHASE_STRIP = NO;
				DEBUG_INFORMATION_FORMAT = "dwarf-with-dsym";
				ENABLE_NS_ASSERTIONS = NO;
				ENABLE_STRICT_OBJC_MSGSEND = YES;
				GCC_C_LANGUAGE_STANDARD = gnu11;
				GCC_NO_COMMON_BLOCKS = YES;
				GCC_WARN_64_TO_32_BIT_CONVERSION = YES;
				GCC_WARN_ABOUT_RETURN_TYPE = YES_ERROR;
				GCC_WARN_UNDECLARED_SELECTOR = YES;
				GCC_WARN_UNINITIALIZED_AUTOS = YES_AGGRESSIVE;
				GCC_WARN_UNUSED_FUNCTION = YES;
				GCC_WARN_UNUSED_VARIABLE = YES;
				IPHONEOS_DEPLOYMENT_TARGET = 15.5;
				MTL_ENABLE_DEBUG_INFO = NO;
				MTL_FAST_MATH = YES;
				SDKROOT = iphoneos;
				SWIFT_COMPILATION_MODE = wholemodule;
				SWIFT_OPTIMIZATION_LEVEL = "-O";
				VALIDATE_PRODUCT = YES;
			};
			name = Release;
		};
		93DED71A28D3501900089708 /* Debug */ = {
			isa = XCBuildConfiguration;
			baseConfigurationReference = ABCEFB316783FE170C0C797F /* Pods-IGListKitComponent.debug.xcconfig */;
			buildSettings = {
				ASSETCATALOG_COMPILER_APPICON_NAME = AppIcon;
				ASSETCATALOG_COMPILER_GLOBAL_ACCENT_COLOR_NAME = AccentColor;
				CODE_SIGN_STYLE = Automatic;
				CURRENT_PROJECT_VERSION = 1;
				GENERATE_INFOPLIST_FILE = YES;
				INFOPLIST_FILE = IGListKitComponent/Info.plist;
				INFOPLIST_KEY_UIApplicationSupportsIndirectInputEvents = YES;
				INFOPLIST_KEY_UILaunchStoryboardName = LaunchScreen;
				INFOPLIST_KEY_UIMainStoryboardFile = Main;
				INFOPLIST_KEY_UISupportedInterfaceOrientations_iPad = "UIInterfaceOrientationPortrait UIInterfaceOrientationPortraitUpsideDown UIInterfaceOrientationLandscapeLeft UIInterfaceOrientationLandscapeRight";
				INFOPLIST_KEY_UISupportedInterfaceOrientations_iPhone = "UIInterfaceOrientationPortrait UIInterfaceOrientationLandscapeLeft UIInterfaceOrientationLandscapeRight";
				LD_RUNPATH_SEARCH_PATHS = (
					"$(inherited)",
					"@executable_path/Frameworks",
				);
				MARKETING_VERSION = 1.0;
				PRODUCT_BUNDLE_IDENTIFIER = com.weforum.IGListKitComponent;
				PRODUCT_NAME = "$(TARGET_NAME)";
				SWIFT_EMIT_LOC_STRINGS = YES;
				SWIFT_VERSION = 5.0;
				TARGETED_DEVICE_FAMILY = "1,2";
			};
			name = Debug;
		};
		93DED71B28D3501900089708 /* Release */ = {
			isa = XCBuildConfiguration;
			baseConfigurationReference = 8519ADF53DFF2B3CE5626D8C /* Pods-IGListKitComponent.release.xcconfig */;
			buildSettings = {
				ASSETCATALOG_COMPILER_APPICON_NAME = AppIcon;
				ASSETCATALOG_COMPILER_GLOBAL_ACCENT_COLOR_NAME = AccentColor;
				CODE_SIGN_STYLE = Automatic;
				CURRENT_PROJECT_VERSION = 1;
				GENERATE_INFOPLIST_FILE = YES;
				INFOPLIST_FILE = IGListKitComponent/Info.plist;
				INFOPLIST_KEY_UIApplicationSupportsIndirectInputEvents = YES;
				INFOPLIST_KEY_UILaunchStoryboardName = LaunchScreen;
				INFOPLIST_KEY_UIMainStoryboardFile = Main;
				INFOPLIST_KEY_UISupportedInterfaceOrientations_iPad = "UIInterfaceOrientationPortrait UIInterfaceOrientationPortraitUpsideDown UIInterfaceOrientationLandscapeLeft UIInterfaceOrientationLandscapeRight";
				INFOPLIST_KEY_UISupportedInterfaceOrientations_iPhone = "UIInterfaceOrientationPortrait UIInterfaceOrientationLandscapeLeft UIInterfaceOrientationLandscapeRight";
				LD_RUNPATH_SEARCH_PATHS = (
					"$(inherited)",
					"@executable_path/Frameworks",
				);
				MARKETING_VERSION = 1.0;
				PRODUCT_BUNDLE_IDENTIFIER = com.weforum.IGListKitComponent;
				PRODUCT_NAME = "$(TARGET_NAME)";
				SWIFT_EMIT_LOC_STRINGS = YES;
				SWIFT_VERSION = 5.0;
				TARGETED_DEVICE_FAMILY = "1,2";
			};
			name = Release;
		};
/* End XCBuildConfiguration section */

/* Begin XCConfigurationList section */
		93DED70028D3501800089708 /* Build configuration list for PBXProject "IGListKitComponent" */ = {
			isa = XCConfigurationList;
			buildConfigurations = (
				93DED71728D3501900089708 /* Debug */,
				93DED71828D3501900089708 /* Release */,
			);
			defaultConfigurationIsVisible = 0;
			defaultConfigurationName = Release;
		};
		93DED71928D3501900089708 /* Build configuration list for PBXNativeTarget "IGListKitComponent" */ = {
			isa = XCConfigurationList;
			buildConfigurations = (
				93DED71A28D3501900089708 /* Debug */,
				93DED71B28D3501900089708 /* Release */,
			);
			defaultConfigurationIsVisible = 0;
			defaultConfigurationName = Release;
		};
/* End XCConfigurationList section */
	};
	rootObject = 93DED6FD28D3501800089708 /* Project object */;
}
